
Microsoft Visual Studio Solution File, Format Version 12.00
# Visual Studio Version 16
VisualStudioVersion = 16.0.30114.105
MinimumVisualStudioVersion = 10.0.40219.1
Project("{FAE04EC0-301F-11D3-BF4B-00C04F79EFBC}") = "SolidJourney.Api", "SolidJourney.Api\SolidJourney.Api.csproj", "{48246C56-E341-400D-9F45-B92D16E7E5F2}"
EndProject
Project("{FAE04EC0-301F-11D3-BF4B-00C04F79EFBC}") = "SolidJourney.Api.DTO", "SolidJourney.Api.DTO\SolidJourney.Api.DTO.csproj", "{F7056F7C-027E-40AC-9BBF-1852BD3387AE}"
EndProject
Project("{FAE04EC0-301F-11D3-BF4B-00C04F79EFBC}") = "SolidJourney.Api.Tests", "SolidJourney.Api.Tests\SolidJourney.Api.Tests.csproj", "{042C9FB9-2A9C-4256-A1D7-725FF30C1509}"
EndProject
Project("{FAE04EC0-301F-11D3-BF4B-00C04F79EFBC}") = "SolidJourney.Managers", "SolidJourney.Managers\SolidJourney.Managers.csproj", "{29BECED9-19C3-4D0E-B0C9-66B9A83D09BC}"
EndProject
Project("{FAE04EC0-301F-11D3-BF4B-00C04F79EFBC}") = "SolidJourney.Managers.Default", "SolidJourney.Managers.Default\SolidJourney.Managers.Default.csproj", "{BE91C651-87D3-4CBC-A906-4389A3892B33}"
EndProject
Project("{FAE04EC0-301F-11D3-BF4B-00C04F79EFBC}") = "SolidJourney.Managers.Default.Tests", "SolidJourney.Managers.Default.Tests\SolidJourney.Managers.Default.Tests.csproj", "{A0B0A662-D740-478B-98F1-5DC6B1CF286A}"
EndProject
Project("{FAE04EC0-301F-11D3-BF4B-00C04F79EFBC}") = "SolidJourney.Engines", "SolidJourney.Engines\SolidJourney.Engines.csproj", "{FAC8C9B4-C48D-4F42-80C8-7861C88AC4ED}"
EndProject
Project("{FAE04EC0-301F-11D3-BF4B-00C04F79EFBC}") = "SolidJourney.Engines.Default", "SolidJourney.Engines.Default\SolidJourney.Engines.Default.csproj", "{BF17F0B8-69D9-4ED2-BD96-4D35880740B3}"
EndProject
Project("{FAE04EC0-301F-11D3-BF4B-00C04F79EFBC}") = "SolidJourney.Engines.Default.Tests", "SolidJourney.Engines.Default.Tests\SolidJourney.Engines.Default.Tests.csproj", "{CD8C31FC-1A78-4A1B-BCCB-440D39FD1300}"
EndProject
Project("{FAE04EC0-301F-11D3-BF4B-00C04F79EFBC}") = "SolidJourney.Infrastructure", "SolidJourney.Infrastructure\SolidJourney.Infrastructure.csproj", "{204A447E-9F04-4AE2-B8F9-6321F056B76F}"
EndProject
Project("{FAE04EC0-301F-11D3-BF4B-00C04F79EFBC}") = "SolidJourney.Infrastructure.Default", "SolidJourney.Infrastructure.Default\SolidJourney.Infrastructure.Default.csproj", "{3BAE12F3-920E-4FB9-A1F2-F01C528C3022}"
EndProject
Project("{FAE04EC0-301F-11D3-BF4B-00C04F79EFBC}") = "SolidJourney.DomainModels", "SolidJourney.DomainModels\SolidJourney.DomainModels.csproj", "{2C972302-D17A-4FE3-863A-A4A11630CE3E}"
EndProject
Project("{FAE04EC0-301F-11D3-BF4B-00C04F79EFBC}") = "SolidJourney.Composition", "SolidJourney.Composition\SolidJourney.Composition.csproj", "{1F526727-5D04-4F92-A2ED-80EA3F80E658}"
EndProject
Project("{2150E333-8FDC-42A3-9474-1A3956D46DE8}") = "1. Presentation", "1. Presentation", "{0B262B20-3768-11EC-ABA3-09E83FC1BFA6}"
EndProject
Project("{2150E333-8FDC-42A3-9474-1A3956D46DE8}") = "2. Managers", "2. Managers", "{21F93770-3768-11EC-ABA3-09E83FC1BFA6}"
EndProject
Project("{2150E333-8FDC-42A3-9474-1A3956D46DE8}") = "3. Engines", "3. Engines", "{8350F490-3768-11EC-ABA3-09E83FC1BFA6}"
EndProject
Project("{2150E333-8FDC-42A3-9474-1A3956D46DE8}") = "4. Infrastructure", "4. Infrastructure", "{B21D16A0-3768-11EC-ABA3-09E83FC1BFA6}"
EndProject
Project("{2150E333-8FDC-42A3-9474-1A3956D46DE8}") = "5. Models", "5. Models", "{C1D3C350-3768-11EC-ABA3-09E83FC1BFA6}"
EndProject
Project("{2150E333-8FDC-42A3-9474-1A3956D46DE8}") = "Composition", "Composition", "{CBAB4B50-3768-11EC-ABA3-09E83FC1BFA6}"
EndProject
Global
	GlobalSection(SolutionConfigurationPlatforms) = preSolution
		Debug|Any CPU = Debug|Any CPU
		Debug|x64 = Debug|x64
		Debug|x86 = Debug|x86
		Release|Any CPU = Release|Any CPU
		Release|x64 = Release|x64
		Release|x86 = Release|x86
	EndGlobalSection
	GlobalSection(SolutionProperties) = preSolution
		HideSolutionNode = FALSE
	EndGlobalSection
	GlobalSection(ProjectConfigurationPlatforms) = postSolution
		{042C9FB9-2A9C-4256-A1D7-725FF30C1509}.Debug|Any CPU.ActiveCfg = Debug|Any CPU
		{042C9FB9-2A9C-4256-A1D7-725FF30C1509}.Debug|Any CPU.Build.0 = Debug|Any CPU
		{042C9FB9-2A9C-4256-A1D7-725FF30C1509}.Debug|x64.ActiveCfg = Debug|Any CPU
		{042C9FB9-2A9C-4256-A1D7-725FF30C1509}.Debug|x64.Build.0 = Debug|Any CPU
		{042C9FB9-2A9C-4256-A1D7-725FF30C1509}.Debug|x86.ActiveCfg = Debug|Any CPU
		{042C9FB9-2A9C-4256-A1D7-725FF30C1509}.Debug|x86.Build.0 = Debug|Any CPU
		{042C9FB9-2A9C-4256-A1D7-725FF30C1509}.Release|Any CPU.ActiveCfg = Release|Any CPU
		{042C9FB9-2A9C-4256-A1D7-725FF30C1509}.Release|Any CPU.Build.0 = Release|Any CPU
		{042C9FB9-2A9C-4256-A1D7-725FF30C1509}.Release|x64.ActiveCfg = Release|Any CPU
		{042C9FB9-2A9C-4256-A1D7-725FF30C1509}.Release|x64.Build.0 = Release|Any CPU
		{042C9FB9-2A9C-4256-A1D7-725FF30C1509}.Release|x86.ActiveCfg = Release|Any CPU
		{042C9FB9-2A9C-4256-A1D7-725FF30C1509}.Release|x86.Build.0 = Release|Any CPU
		{29BECED9-19C3-4D0E-B0C9-66B9A83D09BC}.Debug|Any CPU.ActiveCfg = Debug|Any CPU
		{29BECED9-19C3-4D0E-B0C9-66B9A83D09BC}.Debug|Any CPU.Build.0 = Debug|Any CPU
		{29BECED9-19C3-4D0E-B0C9-66B9A83D09BC}.Debug|x64.ActiveCfg = Debug|Any CPU
		{29BECED9-19C3-4D0E-B0C9-66B9A83D09BC}.Debug|x64.Build.0 = Debug|Any CPU
		{29BECED9-19C3-4D0E-B0C9-66B9A83D09BC}.Debug|x86.ActiveCfg = Debug|Any CPU
		{29BECED9-19C3-4D0E-B0C9-66B9A83D09BC}.Debug|x86.Build.0 = Debug|Any CPU
		{29BECED9-19C3-4D0E-B0C9-66B9A83D09BC}.Release|Any CPU.ActiveCfg = Release|Any CPU
		{29BECED9-19C3-4D0E-B0C9-66B9A83D09BC}.Release|Any CPU.Build.0 = Release|Any CPU
		{29BECED9-19C3-4D0E-B0C9-66B9A83D09BC}.Release|x64.ActiveCfg = Release|Any CPU
		{29BECED9-19C3-4D0E-B0C9-66B9A83D09BC}.Release|x64.Build.0 = Release|Any CPU
		{29BECED9-19C3-4D0E-B0C9-66B9A83D09BC}.Release|x86.ActiveCfg = Release|Any CPU
		{29BECED9-19C3-4D0E-B0C9-66B9A83D09BC}.Release|x86.Build.0 = Release|Any CPU
		{FAC8C9B4-C48D-4F42-80C8-7861C88AC4ED}.Debug|Any CPU.ActiveCfg = Debug|Any CPU
		{FAC8C9B4-C48D-4F42-80C8-7861C88AC4ED}.Debug|Any CPU.Build.0 = Debug|Any CPU
		{FAC8C9B4-C48D-4F42-80C8-7861C88AC4ED}.Debug|x64.ActiveCfg = Debug|Any CPU
		{FAC8C9B4-C48D-4F42-80C8-7861C88AC4ED}.Debug|x64.Build.0 = Debug|Any CPU
		{FAC8C9B4-C48D-4F42-80C8-7861C88AC4ED}.Debug|x86.ActiveCfg = Debug|Any CPU
		{FAC8C9B4-C48D-4F42-80C8-7861C88AC4ED}.Debug|x86.Build.0 = Debug|Any CPU
		{FAC8C9B4-C48D-4F42-80C8-7861C88AC4ED}.Release|Any CPU.ActiveCfg = Release|Any CPU
		{FAC8C9B4-C48D-4F42-80C8-7861C88AC4ED}.Release|Any CPU.Build.0 = Release|Any CPU
		{FAC8C9B4-C48D-4F42-80C8-7861C88AC4ED}.Release|x64.ActiveCfg = Release|Any CPU
		{FAC8C9B4-C48D-4F42-80C8-7861C88AC4ED}.Release|x64.Build.0 = Release|Any CPU
		{FAC8C9B4-C48D-4F42-80C8-7861C88AC4ED}.Release|x86.ActiveCfg = Release|Any CPU
		{FAC8C9B4-C48D-4F42-80C8-7861C88AC4ED}.Release|x86.Build.0 = Release|Any CPU
		{204A447E-9F04-4AE2-B8F9-6321F056B76F}.Debug|Any CPU.ActiveCfg = Debug|Any CPU
		{204A447E-9F04-4AE2-B8F9-6321F056B76F}.Debug|Any CPU.Build.0 = Debug|Any CPU
		{204A447E-9F04-4AE2-B8F9-6321F056B76F}.Debug|x64.ActiveCfg = Debug|Any CPU
		{204A447E-9F04-4AE2-B8F9-6321F056B76F}.Debug|x64.Build.0 = Debug|Any CPU
		{204A447E-9F04-4AE2-B8F9-6321F056B76F}.Debug|x86.ActiveCfg = Debug|Any CPU
		{204A447E-9F04-4AE2-B8F9-6321F056B76F}.Debug|x86.Build.0 = Debug|Any CPU
		{204A447E-9F04-4AE2-B8F9-6321F056B76F}.Release|Any CPU.ActiveCfg = Release|Any CPU
		{204A447E-9F04-4AE2-B8F9-6321F056B76F}.Release|Any CPU.Build.0 = Release|Any CPU
		{204A447E-9F04-4AE2-B8F9-6321F056B76F}.Release|x64.ActiveCfg = Release|Any CPU
		{204A447E-9F04-4AE2-B8F9-6321F056B76F}.Release|x64.Build.0 = Release|Any CPU
		{204A447E-9F04-4AE2-B8F9-6321F056B76F}.Release|x86.ActiveCfg = Release|Any CPU
		{204A447E-9F04-4AE2-B8F9-6321F056B76F}.Release|x86.Build.0 = Release|Any CPU
		{BF17F0B8-69D9-4ED2-BD96-4D35880740B3}.Debug|Any CPU.ActiveCfg = Debug|Any CPU
		{BF17F0B8-69D9-4ED2-BD96-4D35880740B3}.Debug|Any CPU.Build.0 = Debug|Any CPU
		{BF17F0B8-69D9-4ED2-BD96-4D35880740B3}.Debug|x64.ActiveCfg = Debug|Any CPU
		{BF17F0B8-69D9-4ED2-BD96-4D35880740B3}.Debug|x64.Build.0 = Debug|Any CPU
		{BF17F0B8-69D9-4ED2-BD96-4D35880740B3}.Debug|x86.ActiveCfg = Debug|Any CPU
		{BF17F0B8-69D9-4ED2-BD96-4D35880740B3}.Debug|x86.Build.0 = Debug|Any CPU
		{BF17F0B8-69D9-4ED2-BD96-4D35880740B3}.Release|Any CPU.ActiveCfg = Release|Any CPU
		{BF17F0B8-69D9-4ED2-BD96-4D35880740B3}.Release|Any CPU.Build.0 = Release|Any CPU
		{BF17F0B8-69D9-4ED2-BD96-4D35880740B3}.Release|x64.ActiveCfg = Release|Any CPU
		{BF17F0B8-69D9-4ED2-BD96-4D35880740B3}.Release|x64.Build.0 = Release|Any CPU
		{BF17F0B8-69D9-4ED2-BD96-4D35880740B3}.Release|x86.ActiveCfg = Release|Any CPU
		{BF17F0B8-69D9-4ED2-BD96-4D35880740B3}.Release|x86.Build.0 = Release|Any CPU
		{BE91C651-87D3-4CBC-A906-4389A3892B33}.Debug|Any CPU.ActiveCfg = Debug|Any CPU
		{BE91C651-87D3-4CBC-A906-4389A3892B33}.Debug|Any CPU.Build.0 = Debug|Any CPU
		{BE91C651-87D3-4CBC-A906-4389A3892B33}.Debug|x64.ActiveCfg = Debug|Any CPU
		{BE91C651-87D3-4CBC-A906-4389A3892B33}.Debug|x64.Build.0 = Debug|Any CPU
		{BE91C651-87D3-4CBC-A906-4389A3892B33}.Debug|x86.ActiveCfg = Debug|Any CPU
		{BE91C651-87D3-4CBC-A906-4389A3892B33}.Debug|x86.Build.0 = Debug|Any CPU
		{BE91C651-87D3-4CBC-A906-4389A3892B33}.Release|Any CPU.ActiveCfg = Release|Any CPU
		{BE91C651-87D3-4CBC-A906-4389A3892B33}.Release|Any CPU.Build.0 = Release|Any CPU
		{BE91C651-87D3-4CBC-A906-4389A3892B33}.Release|x64.ActiveCfg = Release|Any CPU
		{BE91C651-87D3-4CBC-A906-4389A3892B33}.Release|x64.Build.0 = Release|Any CPU
		{BE91C651-87D3-4CBC-A906-4389A3892B33}.Release|x86.ActiveCfg = Release|Any CPU
		{BE91C651-87D3-4CBC-A906-4389A3892B33}.Release|x86.Build.0 = Release|Any CPU
		{3BAE12F3-920E-4FB9-A1F2-F01C528C3022}.Debug|Any CPU.ActiveCfg = Debug|Any CPU
		{3BAE12F3-920E-4FB9-A1F2-F01C528C3022}.Debug|Any CPU.Build.0 = Debug|Any CPU
		{3BAE12F3-920E-4FB9-A1F2-F01C528C3022}.Debug|x64.ActiveCfg = Debug|Any CPU
		{3BAE12F3-920E-4FB9-A1F2-F01C528C3022}.Debug|x64.Build.0 = Debug|Any CPU
		{3BAE12F3-920E-4FB9-A1F2-F01C528C3022}.Debug|x86.ActiveCfg = Debug|Any CPU
		{3BAE12F3-920E-4FB9-A1F2-F01C528C3022}.Debug|x86.Build.0 = Debug|Any CPU
		{3BAE12F3-920E-4FB9-A1F2-F01C528C3022}.Release|Any CPU.ActiveCfg = Release|Any CPU
		{3BAE12F3-920E-4FB9-A1F2-F01C528C3022}.Release|Any CPU.Build.0 = Release|Any CPU
		{3BAE12F3-920E-4FB9-A1F2-F01C528C3022}.Release|x64.ActiveCfg = Release|Any CPU
		{3BAE12F3-920E-4FB9-A1F2-F01C528C3022}.Release|x64.Build.0 = Release|Any CPU
		{3BAE12F3-920E-4FB9-A1F2-F01C528C3022}.Release|x86.ActiveCfg = Release|Any CPU
		{3BAE12F3-920E-4FB9-A1F2-F01C528C3022}.Release|x86.Build.0 = Release|Any CPU
		{CD8C31FC-1A78-4A1B-BCCB-440D39FD1300}.Debug|Any CPU.ActiveCfg = Debug|Any CPU
		{CD8C31FC-1A78-4A1B-BCCB-440D39FD1300}.Debug|Any CPU.Build.0 = Debug|Any CPU
		{CD8C31FC-1A78-4A1B-BCCB-440D39FD1300}.Debug|x64.ActiveCfg = Debug|Any CPU
		{CD8C31FC-1A78-4A1B-BCCB-440D39FD1300}.Debug|x64.Build.0 = Debug|Any CPU
		{CD8C31FC-1A78-4A1B-BCCB-440D39FD1300}.Debug|x86.ActiveCfg = Debug|Any CPU
		{CD8C31FC-1A78-4A1B-BCCB-440D39FD1300}.Debug|x86.Build.0 = Debug|Any CPU
		{CD8C31FC-1A78-4A1B-BCCB-440D39FD1300}.Release|Any CPU.ActiveCfg = Release|Any CPU
		{CD8C31FC-1A78-4A1B-BCCB-440D39FD1300}.Release|Any CPU.Build.0 = Release|Any CPU
		{CD8C31FC-1A78-4A1B-BCCB-440D39FD1300}.Release|x64.ActiveCfg = Release|Any CPU
		{CD8C31FC-1A78-4A1B-BCCB-440D39FD1300}.Release|x64.Build.0 = Release|Any CPU
		{CD8C31FC-1A78-4A1B-BCCB-440D39FD1300}.Release|x86.ActiveCfg = Release|Any CPU
		{CD8C31FC-1A78-4A1B-BCCB-440D39FD1300}.Release|x86.Build.0 = Release|Any CPU
		{A0B0A662-D740-478B-98F1-5DC6B1CF286A}.Debug|Any CPU.ActiveCfg = Debug|Any CPU
		{A0B0A662-D740-478B-98F1-5DC6B1CF286A}.Debug|Any CPU.Build.0 = Debug|Any CPU
		{A0B0A662-D740-478B-98F1-5DC6B1CF286A}.Debug|x64.ActiveCfg = Debug|Any CPU
		{A0B0A662-D740-478B-98F1-5DC6B1CF286A}.Debug|x64.Build.0 = Debug|Any CPU
		{A0B0A662-D740-478B-98F1-5DC6B1CF286A}.Debug|x86.ActiveCfg = Debug|Any CPU
		{A0B0A662-D740-478B-98F1-5DC6B1CF286A}.Debug|x86.Build.0 = Debug|Any CPU
		{A0B0A662-D740-478B-98F1-5DC6B1CF286A}.Release|Any CPU.ActiveCfg = Release|Any CPU
		{A0B0A662-D740-478B-98F1-5DC6B1CF286A}.Release|Any CPU.Build.0 = Release|Any CPU
		{A0B0A662-D740-478B-98F1-5DC6B1CF286A}.Release|x64.ActiveCfg = Release|Any CPU
		{A0B0A662-D740-478B-98F1-5DC6B1CF286A}.Release|x64.Build.0 = Release|Any CPU
		{A0B0A662-D740-478B-98F1-5DC6B1CF286A}.Release|x86.ActiveCfg = Release|Any CPU
		{A0B0A662-D740-478B-98F1-5DC6B1CF286A}.Release|x86.Build.0 = Release|Any CPU
		{38F33F71-4FB6-4E5E-8E20-3534DE3D8934}.Debug|Any CPU.ActiveCfg = Debug|Any CPU
		{38F33F71-4FB6-4E5E-8E20-3534DE3D8934}.Debug|Any CPU.Build.0 = Debug|Any CPU
		{38F33F71-4FB6-4E5E-8E20-3534DE3D8934}.Debug|x64.ActiveCfg = Debug|Any CPU
		{38F33F71-4FB6-4E5E-8E20-3534DE3D8934}.Debug|x64.Build.0 = Debug|Any CPU
		{38F33F71-4FB6-4E5E-8E20-3534DE3D8934}.Debug|x86.ActiveCfg = Debug|Any CPU
		{38F33F71-4FB6-4E5E-8E20-3534DE3D8934}.Debug|x86.Build.0 = Debug|Any CPU
		{38F33F71-4FB6-4E5E-8E20-3534DE3D8934}.Release|Any CPU.ActiveCfg = Release|Any CPU
		{38F33F71-4FB6-4E5E-8E20-3534DE3D8934}.Release|Any CPU.Build.0 = Release|Any CPU
		{38F33F71-4FB6-4E5E-8E20-3534DE3D8934}.Release|x64.ActiveCfg = Release|Any CPU
		{38F33F71-4FB6-4E5E-8E20-3534DE3D8934}.Release|x64.Build.0 = Release|Any CPU
		{38F33F71-4FB6-4E5E-8E20-3534DE3D8934}.Release|x86.ActiveCfg = Release|Any CPU
		{38F33F71-4FB6-4E5E-8E20-3534DE3D8934}.Release|x86.Build.0 = Release|Any CPU
		{2C972302-D17A-4FE3-863A-A4A11630CE3E}.Debug|Any CPU.ActiveCfg = Debug|Any CPU
		{2C972302-D17A-4FE3-863A-A4A11630CE3E}.Debug|Any CPU.Build.0 = Debug|Any CPU
		{2C972302-D17A-4FE3-863A-A4A11630CE3E}.Debug|x64.ActiveCfg = Debug|Any CPU
		{2C972302-D17A-4FE3-863A-A4A11630CE3E}.Debug|x64.Build.0 = Debug|Any CPU
		{2C972302-D17A-4FE3-863A-A4A11630CE3E}.Debug|x86.ActiveCfg = Debug|Any CPU
		{2C972302-D17A-4FE3-863A-A4A11630CE3E}.Debug|x86.Build.0 = Debug|Any CPU
		{2C972302-D17A-4FE3-863A-A4A11630CE3E}.Release|Any CPU.ActiveCfg = Release|Any CPU
		{2C972302-D17A-4FE3-863A-A4A11630CE3E}.Release|Any CPU.Build.0 = Release|Any CPU
		{2C972302-D17A-4FE3-863A-A4A11630CE3E}.Release|x64.ActiveCfg = Release|Any CPU
		{2C972302-D17A-4FE3-863A-A4A11630CE3E}.Release|x64.Build.0 = Release|Any CPU
		{2C972302-D17A-4FE3-863A-A4A11630CE3E}.Release|x86.ActiveCfg = Release|Any CPU
		{2C972302-D17A-4FE3-863A-A4A11630CE3E}.Release|x86.Build.0 = Release|Any CPU
		{1F526727-5D04-4F92-A2ED-80EA3F80E658}.Debug|Any CPU.ActiveCfg = Debug|Any CPU
		{1F526727-5D04-4F92-A2ED-80EA3F80E658}.Debug|Any CPU.Build.0 = Debug|Any CPU
		{1F526727-5D04-4F92-A2ED-80EA3F80E658}.Debug|x64.ActiveCfg = Debug|Any CPU
		{1F526727-5D04-4F92-A2ED-80EA3F80E658}.Debug|x64.Build.0 = Debug|Any CPU
		{1F526727-5D04-4F92-A2ED-80EA3F80E658}.Debug|x86.ActiveCfg = Debug|Any CPU
		{1F526727-5D04-4F92-A2ED-80EA3F80E658}.Debug|x86.Build.0 = Debug|Any CPU
		{1F526727-5D04-4F92-A2ED-80EA3F80E658}.Release|Any CPU.ActiveCfg = Release|Any CPU
		{1F526727-5D04-4F92-A2ED-80EA3F80E658}.Release|Any CPU.Build.0 = Release|Any CPU
		{1F526727-5D04-4F92-A2ED-80EA3F80E658}.Release|x64.ActiveCfg = Release|Any CPU
		{1F526727-5D04-4F92-A2ED-80EA3F80E658}.Release|x64.Build.0 = Release|Any CPU
		{1F526727-5D04-4F92-A2ED-80EA3F80E658}.Release|x86.ActiveCfg = Release|Any CPU
		{1F526727-5D04-4F92-A2ED-80EA3F80E658}.Release|x86.Build.0 = Release|Any CPU
		{F7056F7C-027E-40AC-9BBF-1852BD3387AE}.Debug|Any CPU.ActiveCfg = Debug|Any CPU
		{F7056F7C-027E-40AC-9BBF-1852BD3387AE}.Debug|Any CPU.Build.0 = Debug|Any CPU
		{F7056F7C-027E-40AC-9BBF-1852BD3387AE}.Debug|x64.ActiveCfg = Debug|Any CPU
		{F7056F7C-027E-40AC-9BBF-1852BD3387AE}.Debug|x64.Build.0 = Debug|Any CPU
		{F7056F7C-027E-40AC-9BBF-1852BD3387AE}.Debug|x86.ActiveCfg = Debug|Any CPU
		{F7056F7C-027E-40AC-9BBF-1852BD3387AE}.Debug|x86.Build.0 = Debug|Any CPU
		{F7056F7C-027E-40AC-9BBF-1852BD3387AE}.Release|Any CPU.ActiveCfg = Release|Any CPU
		{F7056F7C-027E-40AC-9BBF-1852BD3387AE}.Release|Any CPU.Build.0 = Release|Any CPU
		{F7056F7C-027E-40AC-9BBF-1852BD3387AE}.Release|x64.ActiveCfg = Release|Any CPU
		{F7056F7C-027E-40AC-9BBF-1852BD3387AE}.Release|x64.Build.0 = Release|Any CPU
		{F7056F7C-027E-40AC-9BBF-1852BD3387AE}.Release|x86.ActiveCfg = Release|Any CPU
		{F7056F7C-027E-40AC-9BBF-1852BD3387AE}.Release|x86.Build.0 = Release|Any CPU
		{48246C56-E341-400D-9F45-B92D16E7E5F2}.Debug|Any CPU.ActiveCfg = Debug|Any CPU
		{48246C56-E341-400D-9F45-B92D16E7E5F2}.Debug|Any CPU.Build.0 = Debug|Any CPU
		{48246C56-E341-400D-9F45-B92D16E7E5F2}.Debug|x64.ActiveCfg = Debug|Any CPU
		{48246C56-E341-400D-9F45-B92D16E7E5F2}.Debug|x64.Build.0 = Debug|Any CPU
		{48246C56-E341-400D-9F45-B92D16E7E5F2}.Debug|x86.ActiveCfg = Debug|Any CPU
		{48246C56-E341-400D-9F45-B92D16E7E5F2}.Debug|x86.Build.0 = Debug|Any CPU
		{48246C56-E341-400D-9F45-B92D16E7E5F2}.Release|Any CPU.ActiveCfg = Release|Any CPU
		{48246C56-E341-400D-9F45-B92D16E7E5F2}.Release|Any CPU.Build.0 = Release|Any CPU
		{48246C56-E341-400D-9F45-B92D16E7E5F2}.Release|x64.ActiveCfg = Release|Any CPU
		{48246C56-E341-400D-9F45-B92D16E7E5F2}.Release|x64.Build.0 = Release|Any CPU
		{48246C56-E341-400D-9F45-B92D16E7E5F2}.Release|x86.ActiveCfg = Release|Any CPU
		{48246C56-E341-400D-9F45-B92D16E7E5F2}.Release|x86.Build.0 = Release|Any CPU
	EndGlobalSection
	GlobalSection(NestedProjects) = preSolution
		{1F526727-5D04-4F92-A2ED-80EA3F80E658} = {CBAB4B50-3768-11EC-ABA3-09E83FC1BFA6}
		{2C972302-D17A-4FE3-863A-A4A11630CE3E} = {C1D3C350-3768-11EC-ABA3-09E83FC1BFA6}
		{3BAE12F3-920E-4FB9-A1F2-F01C528C3022} = {B21D16A0-3768-11EC-ABA3-09E83FC1BFA6}
		{204A447E-9F04-4AE2-B8F9-6321F056B76F} = {B21D16A0-3768-11EC-ABA3-09E83FC1BFA6}
		{CD8C31FC-1A78-4A1B-BCCB-440D39FD1300} = {8350F490-3768-11EC-ABA3-09E83FC1BFA6}
		{BF17F0B8-69D9-4ED2-BD96-4D35880740B3} = {8350F490-3768-11EC-ABA3-09E83FC1BFA6}
		{FAC8C9B4-C48D-4F42-80C8-7861C88AC4ED} = {8350F490-3768-11EC-ABA3-09E83FC1BFA6}
		{A0B0A662-D740-478B-98F1-5DC6B1CF286A} = {21F93770-3768-11EC-ABA3-09E83FC1BFA6}
		{BE91C651-87D3-4CBC-A906-4389A3892B33} = {21F93770-3768-11EC-ABA3-09E83FC1BFA6}
		{29BECED9-19C3-4D0E-B0C9-66B9A83D09BC} = {21F93770-3768-11EC-ABA3-09E83FC1BFA6}
		{042C9FB9-2A9C-4256-A1D7-725FF30C1509} = {0B262B20-3768-11EC-ABA3-09E83FC1BFA6}
		{F7056F7C-027E-40AC-9BBF-1852BD3387AE} = {0B262B20-3768-11EC-ABA3-09E83FC1BFA6}
		{48246C56-E341-400D-9F45-B92D16E7E5F2} = {0B262B20-3768-11EC-ABA3-09E83FC1BFA6}
	EndGlobalSection
EndGlobal
